// !$*UTF8*$!
{
	archiveVersion = 1;
	classes = {
	};
	objectVersion = 50;
	objects = {

/* Begin PBXBuildFile section */
		470571DE21CE7175000D62C4 /* AppDelegate.swift in Sources */ = {isa = PBXBuildFile; fileRef = 470571DD21CE7175000D62C4 /* AppDelegate.swift */; };
		470571E321CE7175000D62C4 /* Main.storyboard in Resources */ = {isa = PBXBuildFile; fileRef = 470571E121CE7175000D62C4 /* Main.storyboard */; };
		470571E521CE7176000D62C4 /* Assets.xcassets in Resources */ = {isa = PBXBuildFile; fileRef = 470571E421CE7176000D62C4 /* Assets.xcassets */; };
		470571E821CE7176000D62C4 /* LaunchScreen.storyboard in Resources */ = {isa = PBXBuildFile; fileRef = 470571E621CE7176000D62C4 /* LaunchScreen.storyboard */; };
		47EFEF8321CE9248006BB3FE /* home.storyboard in Resources */ = {isa = PBXBuildFile; fileRef = 47EFEF8221CE9248006BB3FE /* home.storyboard */; };
		47EFEF8521CE9281006BB3FE /* live.storyboard in Resources */ = {isa = PBXBuildFile; fileRef = 47EFEF8421CE9281006BB3FE /* live.storyboard */; };
		47EFEF8721CE92BC006BB3FE /* follow.storyboard in Resources */ = {isa = PBXBuildFile; fileRef = 47EFEF8621CE92BC006BB3FE /* follow.storyboard */; };
		47EFEF8A21CE92DA006BB3FE /* me.storyboard in Resources */ = {isa = PBXBuildFile; fileRef = 47EFEF8821CE92DA006BB3FE /* me.storyboard */; };
		47EFEF8C21CE9378006BB3FE /* LJTabBarViewController.swift in Sources */ = {isa = PBXBuildFile; fileRef = 47EFEF8B21CE9378006BB3FE /* LJTabBarViewController.swift */; };
		47EFEF8E21CE9809006BB3FE /* LJHomeViewController.swift in Sources */ = {isa = PBXBuildFile; fileRef = 47EFEF8D21CE9809006BB3FE /* LJHomeViewController.swift */; };
		47EFEF9221CEA125006BB3FE /* UIBarButtonItem_Extension.swift in Sources */ = {isa = PBXBuildFile; fileRef = 47EFEF9121CEA125006BB3FE /* UIBarButtonItem_Extension.swift */; };
/* End PBXBuildFile section */

/* Begin PBXFileReference section */
		470571DA21CE7175000D62C4 /* DYZB.app */ = {isa = PBXFileReference; explicitFileType = wrapper.application; includeInIndex = 0; path = DYZB.app; sourceTree = BUILT_PRODUCTS_DIR; };
		470571DD21CE7175000D62C4 /* AppDelegate.swift */ = {isa = PBXFileReference; lastKnownFileType = sourcecode.swift; path = AppDelegate.swift; sourceTree = "<group>"; };
		470571E221CE7175000D62C4 /* Base */ = {isa = PBXFileReference; lastKnownFileType = file.storyboard; name = Base; path = Base.lproj/Main.storyboard; sourceTree = "<group>"; };
		470571E421CE7176000D62C4 /* Assets.xcassets */ = {isa = PBXFileReference; lastKnownFileType = folder.assetcatalog; path = Assets.xcassets; sourceTree = "<group>"; };
		470571E721CE7176000D62C4 /* Base */ = {isa = PBXFileReference; lastKnownFileType = file.storyboard; name = Base; path = Base.lproj/LaunchScreen.storyboard; sourceTree = "<group>"; };
		470571E921CE7176000D62C4 /* Info.plist */ = {isa = PBXFileReference; lastKnownFileType = text.plist.xml; path = Info.plist; sourceTree = "<group>"; };
		47EFEF8221CE9248006BB3FE /* home.storyboard */ = {isa = PBXFileReference; fileEncoding = 4; lastKnownFileType = file.storyboard; path = home.storyboard; sourceTree = "<group>"; };
		47EFEF8421CE9281006BB3FE /* live.storyboard */ = {isa = PBXFileReference; fileEncoding = 4; lastKnownFileType = file.storyboard; path = live.storyboard; sourceTree = "<group>"; };
		47EFEF8621CE92BC006BB3FE /* follow.storyboard */ = {isa = PBXFileReference; fileEncoding = 4; lastKnownFileType = file.storyboard; path = follow.storyboard; sourceTree = "<group>"; };
		47EFEF8921CE92DA006BB3FE /* Base */ = {isa = PBXFileReference; lastKnownFileType = file.storyboard; name = Base; path = DYZB/Classes/Base.lproj/me.storyboard; sourceTree = "<group>"; };
		47EFEF8B21CE9378006BB3FE /* LJTabBarViewController.swift */ = {isa = PBXFileReference; lastKnownFileType = sourcecode.swift; path = LJTabBarViewController.swift; sourceTree = "<group>"; };
		47EFEF8D21CE9809006BB3FE /* LJHomeViewController.swift */ = {isa = PBXFileReference; lastKnownFileType = sourcecode.swift; path = LJHomeViewController.swift; sourceTree = "<group>"; };
		47EFEF9121CEA125006BB3FE /* UIBarButtonItem_Extension.swift */ = {isa = PBXFileReference; lastKnownFileType = sourcecode.swift; path = UIBarButtonItem_Extension.swift; sourceTree = "<group>"; };
/* End PBXFileReference section */

/* Begin PBXFrameworksBuildPhase section */
		470571D721CE7175000D62C4 /* Frameworks */ = {
			isa = PBXFrameworksBuildPhase;
			buildActionMask = 2147483647;
			files = (
			);
			runOnlyForDeploymentPostprocessing = 0;
		};
/* End PBXFrameworksBuildPhase section */

/* Begin PBXGroup section */
		470571D121CE7175000D62C4 = {
			isa = PBXGroup;
			children = (
				470571DC21CE7175000D62C4 /* DYZB */,
				470571DB21CE7175000D62C4 /* Products */,
			);
			sourceTree = "<group>";
		};
		470571DB21CE7175000D62C4 /* Products */ = {
			isa = PBXGroup;
			children = (
				470571DA21CE7175000D62C4 /* DYZB.app */,
			);
			name = Products;
			sourceTree = "<group>";
		};
		470571DC21CE7175000D62C4 /* DYZB */ = {
			isa = PBXGroup;
			children = (
				470571DD21CE7175000D62C4 /* AppDelegate.swift */,
				470571FC21CE8056000D62C4 /* Classes */,
				470571E421CE7176000D62C4 /* Assets.xcassets */,
				470571E621CE7176000D62C4 /* LaunchScreen.storyboard */,
				470571E921CE7176000D62C4 /* Info.plist */,
			);
			path = DYZB;
			sourceTree = "<group>";
		};
		470571FC21CE8056000D62C4 /* Classes */ = {
			isa = PBXGroup;
			children = (
				4705720521CE8056000D62C4 /* Home首页 */,
				470571FD21CE8056000D62C4 /* Live直播 */,
				4705720121CE8056000D62C4 /* Follow关注 */,
				4705720921CE8056000D62C4 /* Me我的 */,
				4705720D21CE8056000D62C4 /* Main */,
				47EFEF8F21CEA0A0006BB3FE /* Tools */,
			);
			path = Classes;
			sourceTree = "<group>";
		};
		470571FD21CE8056000D62C4 /* Live直播 */ = {
			isa = PBXGroup;
			children = (
				4705720021CE8056000D62C4 /* ViewController */,
				470571FE21CE8056000D62C4 /* Model */,
				470571FF21CE8056000D62C4 /* View */,
			);
			path = "Live直播";
			sourceTree = "<group>";
		};
		470571FE21CE8056000D62C4 /* Model */ = {
			isa = PBXGroup;
			children = (
			);
			path = Model;
			sourceTree = "<group>";
		};
		470571FF21CE8056000D62C4 /* View */ = {
			isa = PBXGroup;
			children = (
			);
			path = View;
			sourceTree = "<group>";
		};
		4705720021CE8056000D62C4 /* ViewController */ = {
			isa = PBXGroup;
			children = (
				47EFEF8421CE9281006BB3FE /* live.storyboard */,
			);
			path = ViewController;
			sourceTree = "<group>";
		};
		4705720121CE8056000D62C4 /* Follow关注 */ = {
			isa = PBXGroup;
			children = (
				4705720421CE8056000D62C4 /* ViewController */,
				4705720221CE8056000D62C4 /* Model */,
				4705720321CE8056000D62C4 /* View */,
			);
			path = "Follow关注";
			sourceTree = "<group>";
		};
		4705720221CE8056000D62C4 /* Model */ = {
			isa = PBXGroup;
			children = (
			);
			path = Model;
			sourceTree = "<group>";
		};
		4705720321CE8056000D62C4 /* View */ = {
			isa = PBXGroup;
			children = (
			);
			path = View;
			sourceTree = "<group>";
		};
		4705720421CE8056000D62C4 /* ViewController */ = {
			isa = PBXGroup;
			children = (
				47EFEF8621CE92BC006BB3FE /* follow.storyboard */,
			);
			path = ViewController;
			sourceTree = "<group>";
		};
		4705720521CE8056000D62C4 /* Home首页 */ = {
			isa = PBXGroup;
			children = (
				4705720821CE8056000D62C4 /* ViewController */,
				4705720621CE8056000D62C4 /* Model */,
				4705720721CE8056000D62C4 /* View */,
			);
			path = "Home首页";
			sourceTree = "<group>";
		};
		4705720621CE8056000D62C4 /* Model */ = {
			isa = PBXGroup;
			children = (
			);
			path = Model;
			sourceTree = "<group>";
		};
		4705720721CE8056000D62C4 /* View */ = {
			isa = PBXGroup;
			children = (
			);
			path = View;
			sourceTree = "<group>";
		};
		4705720821CE8056000D62C4 /* ViewController */ = {
			isa = PBXGroup;
			children = (
				47EFEF8221CE9248006BB3FE /* home.storyboard */,
				47EFEF8D21CE9809006BB3FE /* LJHomeViewController.swift */,
			);
			path = ViewController;
			sourceTree = "<group>";
		};
		4705720921CE8056000D62C4 /* Me我的 */ = {
			isa = PBXGroup;
			children = (
				4705720C21CE8056000D62C4 /* ViewController */,
				4705720A21CE8056000D62C4 /* Model */,
				4705720B21CE8056000D62C4 /* View */,
			);
			path = "Me我的";
			sourceTree = "<group>";
		};
		4705720A21CE8056000D62C4 /* Model */ = {
			isa = PBXGroup;
			children = (
			);
			path = Model;
			sourceTree = "<group>";
		};
		4705720B21CE8056000D62C4 /* View */ = {
			isa = PBXGroup;
			children = (
			);
			path = View;
			sourceTree = "<group>";
		};
		4705720C21CE8056000D62C4 /* ViewController */ = {
			isa = PBXGroup;
			children = (
				47EFEF8821CE92DA006BB3FE /* me.storyboard */,
			);
			path = ViewController;
			sourceTree = "<group>";
		};
		4705720D21CE8056000D62C4 /* Main */ = {
			isa = PBXGroup;
			children = (
				470571E121CE7175000D62C4 /* Main.storyboard */,
				47EFEF8B21CE9378006BB3FE /* LJTabBarViewController.swift */,
			);
			path = Main;
			sourceTree = "<group>";
		};
		47EFEF8F21CEA0A0006BB3FE /* Tools */ = {
			isa = PBXGroup;
			children = (
				47EFEF9021CEA0A0006BB3FE /* Extensions */,
			);
			path = Tools;
			sourceTree = "<group>";
		};
		47EFEF9021CEA0A0006BB3FE /* Extensions */ = {
			isa = PBXGroup;
			children = (
				47EFEF9121CEA125006BB3FE /* UIBarButtonItem_Extension.swift */,
			);
			path = Extensions;
			sourceTree = "<group>";
		};
/* End PBXGroup section */

/* Begin PBXNativeTarget section */
		470571D921CE7175000D62C4 /* DYZB */ = {
			isa = PBXNativeTarget;
			buildConfigurationList = 470571EC21CE7176000D62C4 /* Build configuration list for PBXNativeTarget "DYZB" */;
			buildPhases = (
				470571D621CE7175000D62C4 /* Sources */,
				470571D721CE7175000D62C4 /* Frameworks */,
				470571D821CE7175000D62C4 /* Resources */,
			);
			buildRules = (
			);
			dependencies = (
			);
			name = DYZB;
			productName = DYZB;
			productReference = 470571DA21CE7175000D62C4 /* DYZB.app */;
			productType = "com.apple.product-type.application";
		};
/* End PBXNativeTarget section */

/* Begin PBXProject section */
		470571D221CE7175000D62C4 /* Project object */ = {
			isa = PBXProject;
			attributes = {
				CLASSPREFIX = LJ;
				LastSwiftUpdateCheck = 1000;
				LastUpgradeCheck = 1000;
				ORGANIZATIONNAME = CLJ;
				TargetAttributes = {
					470571D921CE7175000D62C4 = {
						CreatedOnToolsVersion = 10.0;
					};
				};
			};
			buildConfigurationList = 470571D521CE7175000D62C4 /* Build configuration list for PBXProject "DYZB" */;
			compatibilityVersion = "Xcode 9.3";
			developmentRegion = en;
			hasScannedForEncodings = 0;
			knownRegions = (
				en,
				Base,
			);
			mainGroup = 470571D121CE7175000D62C4;
			productRefGroup = 470571DB21CE7175000D62C4 /* Products */;
			projectDirPath = "";
			projectRoot = "";
			targets = (
				470571D921CE7175000D62C4 /* DYZB */,
			);
		};
/* End PBXProject section */

/* Begin PBXResourcesBuildPhase section */
		470571D821CE7175000D62C4 /* Resources */ = {
			isa = PBXResourcesBuildPhase;
			buildActionMask = 2147483647;
			files = (
				470571E821CE7176000D62C4 /* LaunchScreen.storyboard in Resources */,
				470571E521CE7176000D62C4 /* Assets.xcassets in Resources */,
				47EFEF8521CE9281006BB3FE /* live.storyboard in Resources */,
				47EFEF8721CE92BC006BB3FE /* follow.storyboard in Resources */,
				470571E321CE7175000D62C4 /* Main.storyboard in Resources */,
				47EFEF8321CE9248006BB3FE /* home.storyboard in Resources */,
				47EFEF8A21CE92DA006BB3FE /* me.storyboard in Resources */,
			);
			runOnlyForDeploymentPostprocessing = 0;
		};
/* End PBXResourcesBuildPhase section */

/* Begin PBXSourcesBuildPhase section */
		470571D621CE7175000D62C4 /* Sources */ = {
			isa = PBXSourcesBuildPhase;
			buildActionMask = 2147483647;
			files = (
				47EFEF9221CEA125006BB3FE /* UIBarButtonItem_Extension.swift in Sources */,
				47EFEF8C21CE9378006BB3FE /* LJTabBarViewController.swift in Sources */,
				470571DE21CE7175000D62C4 /* AppDelegate.swift in Sources */,
				47EFEF8E21CE9809006BB3FE /* LJHomeViewController.swift in Sources */,
			);
			runOnlyForDeploymentPostprocessing = 0;
		};
/* End PBXSourcesBuildPhase section */

/* Begin PBXVariantGroup section */
		470571E121CE7175000D62C4 /* Main.storyboard */ = {
			isa = PBXVariantGroup;
			children = (
				470571E221CE7175000D62C4 /* Base */,
			);
			name = Main.storyboard;
			sourceTree = "<group>";
		};
		470571E621CE7176000D62C4 /* LaunchScreen.storyboard */ = {
			isa = PBXVariantGroup;
			children = (
				470571E721CE7176000D62C4 /* Base */,
			);
			name = LaunchScreen.storyboard;
			sourceTree = "<group>";
		};
		47EFEF8821CE92DA006BB3FE /* me.storyboard */ = {
			isa = PBXVariantGroup;
			children = (
				47EFEF8921CE92DA006BB3FE /* Base */,
			);
			name = me.storyboard;
			sourceTree = "<group>";
		};
/* End PBXVariantGroup section */

/* Begin XCBuildConfiguration section */
		470571EA21CE7176000D62C4 /* Debug */ = {
			isa = XCBuildConfiguration;
			buildSettings = {
				ALWAYS_SEARCH_USER_PATHS = NO;
				CLANG_ANALYZER_NONNULL = YES;
				CLANG_ANALYZER_NUMBER_OBJECT_CONVERSION = YES_AGGRESSIVE;
				CLANG_CXX_LANGUAGE_STANDARD = "gnu++14";
				CLANG_CXX_LIBRARY = "libc++";
				CLANG_ENABLE_MODULES = YES;
				CLANG_ENABLE_OBJC_ARC = YES;
				CLANG_ENABLE_OBJC_WEAK = YES;
				CLANG_WARN_BLOCK_CAPTURE_AUTORELEASING = YES;
				CLANG_WARN_BOOL_CONVERSION = YES;
				CLANG_WARN_COMMA = YES;
				CLANG_WARN_CONSTANT_CONVERSION = YES;
				CLANG_WARN_DEPRECATED_OBJC_IMPLEMENTATIONS = YES;
				CLANG_WARN_DIRECT_OBJC_ISA_USAGE = YES_ERROR;
				CLANG_WARN_DOCUMENTATION_COMMENTS = YES;
				CLANG_WARN_EMPTY_BODY = YES;
				CLANG_WARN_ENUM_CONVERSION = YES;
				CLANG_WARN_INFINITE_RECURSION = YES;
				CLANG_WARN_INT_CONVERSION = YES;
				CLANG_WARN_NON_LITERAL_NULL_CONVERSION = YES;
				CLANG_WARN_OBJC_IMPLICIT_RETAIN_SELF = YES;
				CLANG_WARN_OBJC_LITERAL_CONVERSION = YES;
				CLANG_WARN_OBJC_ROOT_CLASS = YES_ERROR;
				CLANG_WARN_RANGE_LOOP_ANALYSIS = YES;
				CLANG_WARN_STRICT_PROTOTYPES = YES;
				CLANG_WARN_SUSPICIOUS_MOVE = YES;
				CLANG_WARN_UNGUARDED_AVAILABILITY = YES_AGGRESSIVE;
				CLANG_WARN_UNREACHABLE_CODE = YES;
				CLANG_WARN__DUPLICATE_METHOD_MATCH = YES;
				CODE_SIGN_IDENTITY = "iPhone Developer";
				COPY_PHASE_STRIP = NO;
				DEBUG_INFORMATION_FORMAT = dwarf;
				ENABLE_STRICT_OBJC_MSGSEND = YES;
				ENABLE_TESTABILITY = YES;
				GCC_C_LANGUAGE_STANDARD = gnu11;
				GCC_DYNAMIC_NO_PIC = NO;
				GCC_NO_COMMON_BLOCKS = YES;
				GCC_OPTIMIZATION_LEVEL = 0;
				GCC_PREPROCESSOR_DEFINITIONS = (
					"DEBUG=1",
					"$(inherited)",
				);
				GCC_WARN_64_TO_32_BIT_CONVERSION = YES;
				GCC_WARN_ABOUT_RETURN_TYPE = YES_ERROR;
				GCC_WARN_UNDECLARED_SELECTOR = YES;
				GCC_WARN_UNINITIALIZED_AUTOS = YES_AGGRESSIVE;
				GCC_WARN_UNUSED_FUNCTION = YES;
				GCC_WARN_UNUSED_VARIABLE = YES;
				IPHONEOS_DEPLOYMENT_TARGET = 12.0;
				MTL_ENABLE_DEBUG_INFO = INCLUDE_SOURCE;
				MTL_FAST_MATH = YES;
				ONLY_ACTIVE_ARCH = YES;
				SDKROOT = iphoneos;
				SWIFT_ACTIVE_COMPILATION_CONDITIONS = DEBUG;
				SWIFT_OPTIMIZATION_LEVEL = "-Onone";
			};
			name = Debug;
		};
		470571EB21CE7176000D62C4 /* Release */ = {
			isa = XCBuildConfiguration;
			buildSettings = {
				ALWAYS_SEARCH_USER_PATHS = NO;
				CLANG_ANALYZER_NONNULL = YES;
				CLANG_ANALYZER_NUMBER_OBJECT_CONVERSION = YES_AGGRESSIVE;
				CLANG_CXX_LANGUAGE_STANDARD = "gnu++14";
				CLANG_CXX_LIBRARY = "libc++";
				CLANG_ENABLE_MODULES = YES;
				CLANG_ENABLE_OBJC_ARC = YES;
				CLANG_ENABLE_OBJC_WEAK = YES;
				CLANG_WARN_BLOCK_CAPTURE_AUTORELEASING = YES;
				CLANG_WARN_BOOL_CONVERSION = YES;
				CLANG_WARN_COMMA = YES;
				CLANG_WARN_CONSTANT_CONVERSION = YES;
				CLANG_WARN_DEPRECATED_OBJC_IMPLEMENTATIONS = YES;
				CLANG_WARN_DIRECT_OBJC_ISA_USAGE = YES_ERROR;
				CLANG_WARN_DOCUMENTATION_COMMENTS = YES;
				CLANG_WARN_EMPTY_BODY = YES;
				CLANG_WARN_ENUM_CONVERSION = YES;
				CLANG_WARN_INFINITE_RECURSION = YES;
				CLANG_WARN_INT_CONVERSION = YES;
				CLANG_WARN_NON_LITERAL_NULL_CONVERSION = YES;
				CLANG_WARN_OBJC_IMPLICIT_RETAIN_SELF = YES;
				CLANG_WARN_OBJC_LITERAL_CONVERSION = YES;
				CLANG_WARN_OBJC_ROOT_CLASS = YES_ERROR;
				CLANG_WARN_RANGE_LOOP_ANALYSIS = YES;
				CLANG_WARN_STRICT_PROTOTYPES = YES;
				CLANG_WARN_SUSPICIOUS_MOVE = YES;
				CLANG_WARN_UNGUARDED_AVAILABILITY = YES_AGGRESSIVE;
				CLANG_WARN_UNREACHABLE_CODE = YES;
				CLANG_WARN__DUPLICATE_METHOD_MATCH = YES;
				CODE_SIGN_IDENTITY = "iPhone Developer";
				COPY_PHASE_STRIP = NO;
				DEBUG_INFORMATION_FORMAT = "dwarf-with-dsym";
				ENABLE_NS_ASSERTIONS = NO;
				ENABLE_STRICT_OBJC_MSGSEND = YES;
				GCC_C_LANGUAGE_STANDARD = gnu11;
				GCC_NO_COMMON_BLOCKS = YES;
				GCC_WARN_64_TO_32_BIT_CONVERSION = YES;
				GCC_WARN_ABOUT_RETURN_TYPE = YES_ERROR;
				GCC_WARN_UNDECLARED_SELECTOR = YES;
				GCC_WARN_UNINITIALIZED_AUTOS = YES_AGGRESSIVE;
				GCC_WARN_UNUSED_FUNCTION = YES;
				GCC_WARN_UNUSED_VARIABLE = YES;
				IPHONEOS_DEPLOYMENT_TARGET = 12.0;
				MTL_ENABLE_DEBUG_INFO = NO;
				MTL_FAST_MATH = YES;
				SDKROOT = iphoneos;
				SWIFT_COMPILATION_MODE = wholemodule;
				SWIFT_OPTIMIZATION_LEVEL = "-O";
				VALIDATE_PRODUCT = YES;
			};
			name = Release;
		};
		470571ED21CE7176000D62C4 /* Debug */ = {
			isa = XCBuildConfiguration;
			buildSettings = {
				ASSETCATALOG_COMPILER_APPICON_NAME = AppIcon;
				ASSETCATALOG_COMPILER_LAUNCHIMAGE_NAME = LaunchImage;
				CODE_SIGN_STYLE = Automatic;
				DEVELOPMENT_TEAM = YW36BHDY3C;
				INFOPLIST_FILE = DYZB/Info.plist;
				IPHONEOS_DEPLOYMENT_TARGET = 8.0;
				LD_RUNPATH_SEARCH_PATHS = (
					"$(inherited)",
					"@executable_path/Frameworks",
				);
				PRODUCT_BUNDLE_IDENTIFIER = com.yywx.DYZB;
				PRODUCT_NAME = "$(TARGET_NAME)";
				SWIFT_VERSION = 4.2;
				TARGETED_DEVICE_FAMILY = 1;
			};
			name = Debug;
		};
		470571EE21CE7176000D62C4 /* Release */ = {
			isa = XCBuildConfiguration;
			buildSettings = {
				ASSETCATALOG_COMPILER_APPICON_NAME = AppIcon;
				ASSETCATALOG_COMPILER_LAUNCHIMAGE_NAME = LaunchImage;
				CODE_SIGN_STYLE = Automatic;
				DEVELOPMENT_TEAM = YW36BHDY3C;
				INFOPLIST_FILE = DYZB/Info.plist;
				IPHONEOS_DEPLOYMENT_TARGET = 8.0;
				LD_RUNPATH_SEARCH_PATHS = (
					"$(inherited)",
					"@executable_path/Frameworks",
				);
				PRODUCT_BUNDLE_IDENTIFIER = com.yywx.DYZB;
				PRODUCT_NAME = "$(TARGET_NAME)";
				SWIFT_VERSION = 4.2;
				TARGETED_DEVICE_FAMILY = 1;
			};
			name = Release;
		};
/* End XCBuildConfiguration section */

/* Begin XCConfigurationList section */
		470571D521CE7175000D62C4 /* Build configuration list for PBXProject "DYZB" */ = {
			isa = XCConfigurationList;
			buildConfigurations = (
				470571EA21CE7176000D62C4 /* Debug */,
				470571EB21CE7176000D62C4 /* Release */,
			);
			defaultConfigurationIsVisible = 0;
			defaultConfigurationName = Release;
		};
		470571EC21CE7176000D62C4 /* Build configuration list for PBXNativeTarget "DYZB" */ = {
			isa = XCConfigurationList;
			buildConfigurations = (
				470571ED21CE7176000D62C4 /* Debug */,
				470571EE21CE7176000D62C4 /* Release */,
			);
			defaultConfigurationIsVisible = 0;
			defaultConfigurationName = Release;
		};
/* End XCConfigurationList section */
	};
	rootObject = 470571D221CE7175000D62C4 /* Project object */;
}
